
Microsoft Visual Studio Solution File, Format Version 12.00
# Visual Studio 15
VisualStudioVersion = 15.0.28307.1169
MinimumVisualStudioVersion = 10.0.40219.1
Project("{FAE04EC0-301F-11D3-BF4B-00C04F79EFBC}") = "CFPPE", "CFPPE\CFPPE.csproj", "{B1473CAD-287E-45D4-B153-237F67D191A7}"
EndProject
Global
	GlobalSection(SolutionConfigurationPlatforms) = preSolution
		Debug|Any CPU = Debug|Any CPU
		Release|Any CPU = Release|Any CPU
	EndGlobalSection
	GlobalSection(ProjectConfigurationPlatforms) = postSolution
		{B1473CAD-287E-45D4-B153-237F67D191A7}.Debug|Any CPU.ActiveCfg = Debug|Any CPU
		{B1473CAD-287E-45D4-B153-237F67D191A7}.Debug|Any CPU.Build.0 = Debug|Any CPU
		{B1473CAD-287E-45D4-B153-237F67D191A7}.Release|Any CPU.ActiveCfg = Release|Any CPU
		{B1473CAD-287E-45D4-B153-237F67D191A7}.Release|Any CPU.Build.0 = Release|Any CPU
	EndGlobalSection
	GlobalSection(SolutionProperties) = preSolution
		HideSolutionNode = FALSE
	EndGlobalSection
	GlobalSection(ExtensibilityGlobals) = postSolution
		SolutionGuid = {7A075A8C-4259-4AC2-9127-999ABA9F25B4}
	EndGlobalSection
EndGlobal
